
Microsoft Visual Studio Solution File, Format Version 12.00
# Visual Studio Version 16
VisualStudioVersion = 16.0.30804.86
MinimumVisualStudioVersion = 10.0.40219.1
Project("{FAE04EC0-301F-11D3-BF4B-00C04F79EFBC}") = "BattleCalculator.Api", "BattleCalculator.Api\BattleCalculator.Api.csproj", "{5AED7C85-8848-4F78-9808-EBAB80EC6D52}"
EndProject
Project("{FAE04EC0-301F-11D3-BF4B-00C04F79EFBC}") = "BattleCalculator.Data", "BattleCalculator.Data\BattleCalculator.Data.csproj", "{85FD463D-E92C-4F5D-8173-7073ED353184}"
EndProject
Project("{FAE04EC0-301F-11D3-BF4B-00C04F79EFBC}") = "BattleCalculator.Model", "BattleCalculator.Model\BattleCalculator.Model.csproj", "{100B4527-5E1F-44CC-BD41-7A992F405CD7}"
EndProject
Global
	GlobalSection(SolutionConfigurationPlatforms) = preSolution
		Debug|Any CPU = Debug|Any CPU
		Release|Any CPU = Release|Any CPU
	EndGlobalSection
	GlobalSection(ProjectConfigurationPlatforms) = postSolution
		{5AED7C85-8848-4F78-9808-EBAB80EC6D52}.Debug|Any CPU.ActiveCfg = Debug|Any CPU
		{5AED7C85-8848-4F78-9808-EBAB80EC6D52}.Debug|Any CPU.Build.0 = Debug|Any CPU
		{5AED7C85-8848-4F78-9808-EBAB80EC6D52}.Release|Any CPU.ActiveCfg = Release|Any CPU
		{5AED7C85-8848-4F78-9808-EBAB80EC6D52}.Release|Any CPU.Build.0 = Release|Any CPU
		{85FD463D-E92C-4F5D-8173-7073ED353184}.Debug|Any CPU.ActiveCfg = Debug|Any CPU
		{85FD463D-E92C-4F5D-8173-7073ED353184}.Debug|Any CPU.Build.0 = Debug|Any CPU
		{85FD463D-E92C-4F5D-8173-7073ED353184}.Release|Any CPU.ActiveCfg = Release|Any CPU
		{85FD463D-E92C-4F5D-8173-7073ED353184}.Release|Any CPU.Build.0 = Release|Any CPU
		{100B4527-5E1F-44CC-BD41-7A992F405CD7}.Debug|Any CPU.ActiveCfg = Debug|Any CPU
		{100B4527-5E1F-44CC-BD41-7A992F405CD7}.Debug|Any CPU.Build.0 = Debug|Any CPU
		{100B4527-5E1F-44CC-BD41-7A992F405CD7}.Release|Any CPU.ActiveCfg = Release|Any CPU
		{100B4527-5E1F-44CC-BD41-7A992F405CD7}.Release|Any CPU.Build.0 = Release|Any CPU
	EndGlobalSection
	GlobalSection(SolutionProperties) = preSolution
		HideSolutionNode = FALSE
	EndGlobalSection
	GlobalSection(ExtensibilityGlobals) = postSolution
		SolutionGuid = {0DBC97A2-73D1-4425-A8E8-B37199430B3C}
	EndGlobalSection
EndGlobal
